
Microsoft Visual Studio Solution File, Format Version 12.00
# Visual Studio Version 17
VisualStudioVersion = 17.0.32112.339
MinimumVisualStudioVersion = 10.0.40219.1
Project("{9A19103F-16F7-4668-BE54-9A1E7A4F7556}") = "Minesweeper.Console", "Minesweeper.Console\Minesweeper.Console.csproj", "{F00F272B-E078-4020-AFB1-72A3092F6114}"
EndProject
Project("{9A19103F-16F7-4668-BE54-9A1E7A4F7556}") = "Minesweeper.Core", "Minesweeper.Core\Minesweeper.Core.csproj", "{2397A273-9698-41A9-9FD3-06D883763BEB}"
EndProject
Project("{FAE04EC0-301F-11D3-BF4B-00C04F79EFBC}") = "Minesweeper.Tests", "Minesweeper.Tests\Minesweeper.Tests.csproj", "{ABBBC65D-1BEA-44FF-9115-E82787561293}"
EndProject
Global
	GlobalSection(SolutionConfigurationPlatforms) = preSolution
		Debug|Any CPU = Debug|Any CPU
		Release|Any CPU = Release|Any CPU
	EndGlobalSection
	GlobalSection(ProjectConfigurationPlatforms) = postSolution
		{F00F272B-E078-4020-AFB1-72A3092F6114}.Debug|Any CPU.ActiveCfg = Debug|Any CPU
		{F00F272B-E078-4020-AFB1-72A3092F6114}.Debug|Any CPU.Build.0 = Debug|Any CPU
		{F00F272B-E078-4020-AFB1-72A3092F6114}.Release|Any CPU.ActiveCfg = Release|Any CPU
		{F00F272B-E078-4020-AFB1-72A3092F6114}.Release|Any CPU.Build.0 = Release|Any CPU
		{2397A273-9698-41A9-9FD3-06D883763BEB}.Debug|Any CPU.ActiveCfg = Debug|Any CPU
		{2397A273-9698-41A9-9FD3-06D883763BEB}.Debug|Any CPU.Build.0 = Debug|Any CPU
		{2397A273-9698-41A9-9FD3-06D883763BEB}.Release|Any CPU.ActiveCfg = Release|Any CPU
		{2397A273-9698-41A9-9FD3-06D883763BEB}.Release|Any CPU.Build.0 = Release|Any CPU
		{ABBBC65D-1BEA-44FF-9115-E82787561293}.Debug|Any CPU.ActiveCfg = Debug|Any CPU
		{ABBBC65D-1BEA-44FF-9115-E82787561293}.Debug|Any CPU.Build.0 = Debug|Any CPU
		{ABBBC65D-1BEA-44FF-9115-E82787561293}.Release|Any CPU.ActiveCfg = Release|Any CPU
		{ABBBC65D-1BEA-44FF-9115-E82787561293}.Release|Any CPU.Build.0 = Release|Any CPU
	EndGlobalSection
	GlobalSection(SolutionProperties) = preSolution
		HideSolutionNode = FALSE
	EndGlobalSection
	GlobalSection(ExtensibilityGlobals) = postSolution
		SolutionGuid = {D91BD1BE-6CBE-40DB-AAF9-FAA7034BFDB2}
	EndGlobalSection
EndGlobal
